
Microsoft Visual Studio Solution File, Format Version 12.00
# Visual Studio Version 16
VisualStudioVersion = 16.0.34301.259
MinimumVisualStudioVersion = 10.0.40219.1
Project("{FAE04EC0-301F-11D3-BF4B-00C04F79EFBC}") = "Circle", "Circle\Circle.csproj", "{8D1BA0B1-7378-44EC-8F86-29AE2ACB0FC7}"
EndProject
Global
	GlobalSection(SolutionConfigurationPlatforms) = preSolution
		Debug|Any CPU = Debug|Any CPU
		Release|Any CPU = Release|Any CPU
	EndGlobalSection
	GlobalSection(ProjectConfigurationPlatforms) = postSolution
		{8D1BA0B1-7378-44EC-8F86-29AE2ACB0FC7}.Debug|Any CPU.ActiveCfg = Debug|Any CPU
		{8D1BA0B1-7378-44EC-8F86-29AE2ACB0FC7}.Debug|Any CPU.Build.0 = Debug|Any CPU
		{8D1BA0B1-7378-44EC-8F86-29AE2ACB0FC7}.Release|Any CPU.ActiveCfg = Release|Any CPU
		{8D1BA0B1-7378-44EC-8F86-29AE2ACB0FC7}.Release|Any CPU.Build.0 = Release|Any CPU
	EndGlobalSection
	GlobalSection(SolutionProperties) = preSolution
		HideSolutionNode = FALSE
	EndGlobalSection
	GlobalSection(ExtensibilityGlobals) = postSolution
		SolutionGuid = {38081FFC-D7CC-4026-B94D-102CA7A12E9F}
	EndGlobalSection
EndGlobal
